
Microsoft Visual Studio Solution File, Format Version 12.00
# Visual Studio Version 16
VisualStudioVersion = 16.0.31624.102
MinimumVisualStudioVersion = 10.0.40219.1
Project("{FAE04EC0-301F-11D3-BF4B-00C04F79EFBC}") = "KabanovaLab3_3", "KabanovaLab3_3\KabanovaLab3_3.csproj", "{EAF85E12-75A9-4B67-B9C4-995C91A0D293}"
EndProject
Global
	GlobalSection(SolutionConfigurationPlatforms) = preSolution
		Debug|Any CPU = Debug|Any CPU
		Release|Any CPU = Release|Any CPU
	EndGlobalSection
	GlobalSection(ProjectConfigurationPlatforms) = postSolution
		{EAF85E12-75A9-4B67-B9C4-995C91A0D293}.Debug|Any CPU.ActiveCfg = Debug|Any CPU
		{EAF85E12-75A9-4B67-B9C4-995C91A0D293}.Debug|Any CPU.Build.0 = Debug|Any CPU
		{EAF85E12-75A9-4B67-B9C4-995C91A0D293}.Release|Any CPU.ActiveCfg = Release|Any CPU
		{EAF85E12-75A9-4B67-B9C4-995C91A0D293}.Release|Any CPU.Build.0 = Release|Any CPU
	EndGlobalSection
	GlobalSection(SolutionProperties) = preSolution
		HideSolutionNode = FALSE
	EndGlobalSection
	GlobalSection(ExtensibilityGlobals) = postSolution
		SolutionGuid = {380F29D9-13CB-4433-A5FF-EAD18535FE88}
	EndGlobalSection
EndGlobal
